{
  "meteor": {
    "git": "https://github.com/meteor/meteor.git",
    "branch": "master",
    "commit": "1e9b9480d171114e0bb4c09f31ccc9afac74a898"
  },
  "dependencies": {
    "basePackages": {
      "router": {},
      "node-modules": {}
    },
    "packages": {
      "router": {
        "git": "https://github.com/tmeasday/meteor-router.git",
        "tag": "v0.5.1",
        "commit": "32e377c7703bb119acccc859fc7296882903cbe7"
      },
      "node-modules": {
        "git": "https://github.com/possibilities/meteor-node-modules.git",
        "tag": "v0.0.5",
        "commit": "d502e5091759073a6baed856fadd93012749842d"
      },
      "page-js-ie-support": {
        "git": "https://github.com/tmeasday/meteor-page-js-ie-support.git",
        "tag": "v1.3.5",
        "commit": "b99ed8380aefd10b2afc8f18d9eed4dd0d8ea9cb"
      }
    }
  }
}
