{
  "meteor": {
    "git": "https://github.com/meteor/meteor.git",
    "tag": "release/0.6.4.1",
    "commit": "ab0e8e770ef5ccd25c8fbd0886683adcb6510ca3"
  },
  "dependencies": {
    "basePackages": {
      "bootstrap-3": {},
      "router": {},
      "session-extras": {},
      "font-awesome": {},
      "observatory": {
        "git": "https://github.com/jperl/observatory.git",
        "branch": "master"
      }
    },
    "packages": {
      "bootstrap-3": {
        "git": "https://github.com/mangasocial/meteor-bootstrap-3.git",
        "tag": "v0.3.2",
        "commit": "a09f87b01f625ca86d97f93206e7ff475cf3db3b"
      },
      "router": {
        "git": "https://github.com/tmeasday/meteor-router.git",
        "tag": "v0.5.3",
        "commit": "7bd3a1bdd1099625bb8b49406d9b8f961d6f4a17"
      },
      "session-extras": {
        "git": "https://github.com/belisarius222/meteor-session-extras.git",
        "tag": "v0.3.0",
        "commit": "0c49d41009821e76f46af3ad65d0a1d5bfa8d4eb"
      },
      "font-awesome": {
        "git": "https://github.com/nate-strauser/meteor-font-awesome.git",
        "tag": "v3.2.1",
        "commit": "38bdfff72dfb8857b272f9a9b056045d6a015489"
      },
      "observatory": {
        "git": "https://github.com/jperl/observatory.git",
        "branch": "master",
        "commit": "e6d28f10ffd47f8adc23d93eacdc554ff6f65f2c"
      },
      "page-js-ie-support": {
        "git": "https://github.com/tmeasday/meteor-page-js-ie-support.git",
        "tag": "v1.3.5",
        "commit": "b99ed8380aefd10b2afc8f18d9eed4dd0d8ea9cb"
      },
      "observatory-apollo": {
        "git": "https://github.com/jperl/observatory-apollo.git",
        "branch": "master",
        "commit": "07242b8c4f092768b2442bc2db5d6a8db3ea6411"
      }
    }
  }
}
